PODS:
  - HCSStarRatingView (1.5)
  - SDWebImage (5.0.2):
    - SDWebImage/Core (= 5.0.2)
  - SDWebImage/Core (5.0.2)

DEPENDENCIES:
  - HCSStarRatingView (~> 1.5)
  - SDWebImage (~> 5.0.2)

SPEC REPOS:
  https://github.com/cocoapods/specs.git:
    - HCSStarRatingView
    - SDWebImage

SPEC CHECKSUMS:
  HCSStarRatingView: 1d18f79654735514cd6f00e6d90e38cb6320dc31
  SDWebImage: 6764b5fa0f73c203728052955dbefa2bf1f33282

PODFILE CHECKSUM: c22542fcbeb960e17e7d9fd4ede8ad9c50258723

COCOAPODS: 1.5.3
